// !$*UTF8*$!
{
	archiveVersion = 1;
	classes = {
	};
	objectVersion = 77;
	objects = {

/* Begin PBXBuildFile section */
		114ED9612D8CCF6400988EAB /* README.md in Resources */ = {isa = PBXBuildFile; fileRef = 114ED9602D8CCF6400988EAB /* README.md */; };
		114ED9652D8CD12C00988EAB /* poemly.gitignore in Resources */ = {isa = PBXBuildFile; fileRef = 114ED9642D8CD11D00988EAB /* poemly.gitignore */; };
/* End PBXBuildFile section */

/* Begin PBXContainerItemProxy section */
		114ED9442D8CCE8000988EAB /* PBXContainerItemProxy */ = {
			isa = PBXContainerItemProxy;
			containerPortal = 114ED92B2D8CCE7D00988EAB /* Project object */;
			proxyType = 1;
			remoteGlobalIDString = 114ED9322D8CCE7D00988EAB;
			remoteInfo = Poemly;
		};
		114ED94E2D8CCE8000988EAB /* PBXContainerItemProxy */ = {
			isa = PBXContainerItemProxy;
			containerPortal = 114ED92B2D8CCE7D00988EAB /* Project object */;
			proxyType = 1;
			remoteGlobalIDString = 114ED9322D8CCE7D00988EAB;
			remoteInfo = Poemly;
		};
/* End PBXContainerItemProxy section */

/* Begin PBXFileReference section */
		114ED9332D8CCE7D00988EAB /* Poemly.app */ = {isa = PBXFileReference; explicitFileType = wrapper.application; includeInIndex = 0; path = Poemly.app; sourceTree = BUILT_PRODUCTS_DIR; };
		114ED9432D8CCE8000988EAB /* PoemlyTests.xctest */ = {isa = PBXFileReference; explicitFileType = wrapper.cfbundle; includeInIndex = 0; path = PoemlyTests.xctest; sourceTree = BUILT_PRODUCTS_DIR; };
		114ED94D2D8CCE8000988EAB /* PoemlyUITests.xctest */ = {isa = PBXFileReference; explicitFileType = wrapper.cfbundle; includeInIndex = 0; path = PoemlyUITests.xctest; sourceTree = BUILT_PRODUCTS_DIR; };
		114ED9602D8CCF6400988EAB /* README.md */ = {isa = PBXFileReference; lastKnownFileType = net.daringfireball.markdown; path = README.md; sourceTree = "<group>"; };
		114ED9642D8CD11D00988EAB /* poemly.gitignore */ = {isa = PBXFileReference; lastKnownFileType = text; path = poemly.gitignore; sourceTree = "<group>"; };
/* End PBXFileReference section */

/* Begin PBXFileSystemSynchronizedRootGroup section */
		114ED9352D8CCE7D00988EAB /* Poemly */ = {
			isa = PBXFileSystemSynchronizedRootGroup;
			path = Poemly;
			sourceTree = "<group>";
		};
		114ED9462D8CCE8000988EAB /* PoemlyTests */ = {
			isa = PBXFileSystemSynchronizedRootGroup;
			path = PoemlyTests;
			sourceTree = "<group>";
		};
		114ED9502D8CCE8000988EAB /* PoemlyUITests */ = {
			isa = PBXFileSystemSynchronizedRootGroup;
			path = PoemlyUITests;
			sourceTree = "<group>";
		};
/* End PBXFileSystemSynchronizedRootGroup section */

/* Begin PBXFrameworksBuildPhase section */
		114ED9302D8CCE7D00988EAB /* Frameworks */ = {
			isa = PBXFrameworksBuildPhase;
			buildActionMask = 2147483647;
			files = (
			);
			runOnlyForDeploymentPostprocessing = 0;
		};
		114ED9402D8CCE8000988EAB /* Frameworks */ = {
			isa = PBXFrameworksBuildPhase;
			buildActionMask = 2147483647;
			files = (
			);
			runOnlyForDeploymentPostprocessing = 0;
		};
		114ED94A2D8CCE8000988EAB /* Frameworks */ = {
			isa = PBXFrameworksBuildPhase;
			buildActionMask = 2147483647;
			files = (
			);
			runOnlyForDeploymentPostprocessing = 0;
		};
/* End PBXFrameworksBuildPhase section */

/* Begin PBXGroup section */
		114ED92A2D8CCE7D00988EAB = {
			isa = PBXGroup;
			children = (
				114ED9602D8CCF6400988EAB /* README.md */,
				114ED9642D8CD11D00988EAB /* poemly.gitignore */,
				114ED9352D8CCE7D00988EAB /* Poemly */,
				114ED9462D8CCE8000988EAB /* PoemlyTests */,
				114ED9502D8CCE8000988EAB /* PoemlyUITests */,
				114ED9342D8CCE7D00988EAB /* Products */,
			);
			sourceTree = "<group>";
		};
		114ED9342D8CCE7D00988EAB /* Products */ = {
			isa = PBXGroup;
			children = (
				114ED9332D8CCE7D00988EAB /* Poemly.app */,
				114ED9432D8CCE8000988EAB /* PoemlyTests.xctest */,
				114ED94D2D8CCE8000988EAB /* PoemlyUITests.xctest */,
			);
			name = Products;
			sourceTree = "<group>";
		};
/* End PBXGroup section */

/* Begin PBXNativeTarget section */
		114ED9322D8CCE7D00988EAB /* Poemly */ = {
			isa = PBXNativeTarget;
			buildConfigurationList = 114ED9572D8CCE8000988EAB /* Build configuration list for PBXNativeTarget "Poemly" */;
			buildPhases = (
				114ED92F2D8CCE7D00988EAB /* Sources */,
				114ED9302D8CCE7D00988EAB /* Frameworks */,
				114ED9312D8CCE7D00988EAB /* Resources */,
			);
			buildRules = (
			);
			dependencies = (
			);
			fileSystemSynchronizedGroups = (
				114ED9352D8CCE7D00988EAB /* Poemly */,
			);
			name = Poemly;
			packageProductDependencies = (
			);
			productName = Poemly;
			productReference = 114ED9332D8CCE7D00988EAB /* Poemly.app */;
			productType = "com.apple.product-type.application";
		};
		114ED9422D8CCE8000988EAB /* PoemlyTests */ = {
			isa = PBXNativeTarget;
			buildConfigurationList = 114ED95A2D8CCE8000988EAB /* Build configuration list for PBXNativeTarget "PoemlyTests" */;
			buildPhases = (
				114ED93F2D8CCE8000988EAB /* Sources */,
				114ED9402D8CCE8000988EAB /* Frameworks */,
				114ED9412D8CCE8000988EAB /* Resources */,
			);
			buildRules = (
			);
			dependencies = (
				114ED9452D8CCE8000988EAB /* PBXTargetDependency */,
			);
			fileSystemSynchronizedGroups = (
				114ED9462D8CCE8000988EAB /* PoemlyTests */,
			);
			name = PoemlyTests;
			packageProductDependencies = (
			);
			productName = PoemlyTests;
			productReference = 114ED9432D8CCE8000988EAB /* PoemlyTests.xctest */;
			productType = "com.apple.product-type.bundle.unit-test";
		};
		114ED94C2D8CCE8000988EAB /* PoemlyUITests */ = {
			isa = PBXNativeTarget;
			buildConfigurationList = 114ED95D2D8CCE8000988EAB /* Build configuration list for PBXNativeTarget "PoemlyUITests" */;
			buildPhases = (
				114ED9492D8CCE8000988EAB /* Sources */,
				114ED94A2D8CCE8000988EAB /* Frameworks */,
				114ED94B2D8CCE8000988EAB /* Resources */,
			);
			buildRules = (
			);
			dependencies = (
				114ED94F2D8CCE8000988EAB /* PBXTargetDependency */,
			);
			fileSystemSynchronizedGroups = (
				114ED9502D8CCE8000988EAB /* PoemlyUITests */,
			);
			name = PoemlyUITests;
			packageProductDependencies = (
			);
			productName = PoemlyUITests;
			productReference = 114ED94D2D8CCE8000988EAB /* PoemlyUITests.xctest */;
			productType = "com.apple.product-type.bundle.ui-testing";
		};
/* End PBXNativeTarget section */

/* Begin PBXProject section */
		114ED92B2D8CCE7D00988EAB /* Project object */ = {
			isa = PBXProject;
			attributes = {
				BuildIndependentTargetsInParallel = 1;
				LastSwiftUpdateCheck = 1620;
				LastUpgradeCheck = 1620;
				TargetAttributes = {
					114ED9322D8CCE7D00988EAB = {
						CreatedOnToolsVersion = 16.2;
					};
					114ED9422D8CCE8000988EAB = {
						CreatedOnToolsVersion = 16.2;
						TestTargetID = 114ED9322D8CCE7D00988EAB;
					};
					114ED94C2D8CCE8000988EAB = {
						CreatedOnToolsVersion = 16.2;
						TestTargetID = 114ED9322D8CCE7D00988EAB;
					};
				};
			};
			buildConfigurationList = 114ED92E2D8CCE7D00988EAB /* Build configuration list for PBXProject "Poemly" */;
			developmentRegion = en;
			hasScannedForEncodings = 0;
			knownRegions = (
				en,
				Base,
			);
			mainGroup = 114ED92A2D8CCE7D00988EAB;
			minimizedProjectReferenceProxies = 1;
			preferredProjectObjectVersion = 77;
			productRefGroup = 114ED9342D8CCE7D00988EAB /* Products */;
			projectDirPath = "";
			projectRoot = "";
			targets = (
				114ED9322D8CCE7D00988EAB /* Poemly */,
				114ED9422D8CCE8000988EAB /* PoemlyTests */,
				114ED94C2D8CCE8000988EAB /* PoemlyUITests */,
			);
		};
/* End PBXProject section */

/* Begin PBXResourcesBuildPhase section */
		114ED9312D8CCE7D00988EAB /* Resources */ = {
			isa = PBXResourcesBuildPhase;
			buildActionMask = 2147483647;
			files = (
				114ED9652D8CD12C00988EAB /* poemly.gitignore in Resources */,
				114ED9612D8CCF6400988EAB /* README.md in Resources */,
			);
			runOnlyForDeploymentPostprocessing = 0;
		};
		114ED9412D8CCE8000988EAB /* Resources */ = {
			isa = PBXResourcesBuildPhase;
			buildActionMask = 2147483647;
			files = (
			);
			runOnlyForDeploymentPostprocessing = 0;
		};
		114ED94B2D8CCE8000988EAB /* Resources */ = {
			isa = PBXResourcesBuildPhase;
			buildActionMask = 2147483647;
			files = (
			);
			runOnlyForDeploymentPostprocessing = 0;
		};
/* End PBXResourcesBuildPhase section */

/* Begin PBXSourcesBuildPhase section */
		114ED92F2D8CCE7D00988EAB /* Sources */ = {
			isa = PBXSourcesBuildPhase;
			buildActionMask = 2147483647;
			files = (
			);
			runOnlyForDeploymentPostprocessing = 0;
		};
		114ED93F2D8CCE8000988EAB /* Sources */ = {
			isa = PBXSourcesBuildPhase;
			buildActionMask = 2147483647;
			files = (
			);
			runOnlyForDeploymentPostprocessing = 0;
		};
		114ED9492D8CCE8000988EAB /* Sources */ = {
			isa = PBXSourcesBuildPhase;
			buildActionMask = 2147483647;
			files = (
			);
			runOnlyForDeploymentPostprocessing = 0;
		};
/* End PBXSourcesBuildPhase section */

/* Begin PBXTargetDependency section */
		114ED9452D8CCE8000988EAB /* PBXTargetDependency */ = {
			isa = PBXTargetDependency;
			target = 114ED9322D8CCE7D00988EAB /* Poemly */;
			targetProxy = 114ED9442D8CCE8000988EAB /* PBXContainerItemProxy */;
		};
		114ED94F2D8CCE8000988EAB /* PBXTargetDependency */ = {
			isa = PBXTargetDependency;
			target = 114ED9322D8CCE7D00988EAB /* Poemly */;
			targetProxy = 114ED94E2D8CCE8000988EAB /* PBXContainerItemProxy */;
		};
/* End PBXTargetDependency section */

/* Begin XCBuildConfiguration section */
		114ED9552D8CCE8000988EAB /* Debug */ = {
			isa = XCBuildConfiguration;
			buildSettings = {
				ALWAYS_SEARCH_USER_PATHS = NO;
				ASSETCATALOG_COMPILER_GENERATE_SWIFT_ASSET_SYMBOL_EXTENSIONS = YES;
				CLANG_ANALYZER_NONNULL = YES;
				CLANG_ANALYZER_NUMBER_OBJECT_CONVERSION = YES_AGGRESSIVE;
				CLANG_CXX_LANGUAGE_STANDARD = "gnu++20";
				CLANG_ENABLE_MODULES = YES;
				CLANG_ENABLE_OBJC_ARC = YES;
				CLANG_ENABLE_OBJC_WEAK = YES;
				CLANG_WARN_BLOCK_CAPTURE_AUTORELEASING = YES;
				CLANG_WARN_BOOL_CONVERSION = YES;
				CLANG_WARN_COMMA = YES;
				CLANG_WARN_CONSTANT_CONVERSION = YES;
				CLANG_WARN_DEPRECATED_OBJC_IMPLEMENTATIONS = YES;
				CLANG_WARN_DIRECT_OBJC_ISA_USAGE = YES_ERROR;
				CLANG_WARN_DOCUMENTATION_COMMENTS = YES;
				CLANG_WARN_EMPTY_BODY = YES;
				CLANG_WARN_ENUM_CONVERSION = YES;
				CLANG_WARN_INFINITE_RECURSION = YES;
				CLANG_WARN_INT_CONVERSION = YES;
				CLANG_WARN_NON_LITERAL_NULL_CONVERSION = YES;
				CLANG_WARN_OBJC_IMPLICIT_RETAIN_SELF = YES;
				CLANG_WARN_OBJC_LITERAL_CONVERSION = YES;
				CLANG_WARN_OBJC_ROOT_CLASS = YES_ERROR;
				CLANG_WARN_QUOTED_INCLUDE_IN_FRAMEWORK_HEADER = YES;
				CLANG_WARN_RANGE_LOOP_ANALYSIS = YES;
				CLANG_WARN_STRICT_PROTOTYPES = YES;
				CLANG_WARN_SUSPICIOUS_MOVE = YES;
				CLANG_WARN_UNGUARDED_AVAILABILITY = YES_AGGRESSIVE;
				CLANG_WARN_UNREACHABLE_CODE = YES;
				CLANG_WARN__DUPLICATE_METHOD_MATCH = YES;
				COPY_PHASE_STRIP = NO;
				DEBUG_INFORMATION_FORMAT = dwarf;
				ENABLE_STRICT_OBJC_MSGSEND = YES;
				ENABLE_TESTABILITY = YES;
				ENABLE_USER_SCRIPT_SANDBOXING = YES;
				GCC_C_LANGUAGE_STANDARD = gnu17;
				GCC_DYNAMIC_NO_PIC = NO;
				GCC_NO_COMMON_BLOCKS = YES;
				GCC_OPTIMIZATION_LEVEL = 0;
				GCC_PREPROCESSOR_DEFINITIONS = (
					"DEBUG=1",
					"$(inherited)",
				);
				GCC_WARN_64_TO_32_BIT_CONVERSION = YES;
				GCC_WARN_ABOUT_RETURN_TYPE = YES_ERROR;
				GCC_WARN_UNDECLARED_SELECTOR = YES;
				GCC_WARN_UNINITIALIZED_AUTOS = YES_AGGRESSIVE;
				GCC_WARN_UNUSED_FUNCTION = YES;
				GCC_WARN_UNUSED_VARIABLE = YES;
				IPHONEOS_DEPLOYMENT_TARGET = 18.2;
				LOCALIZATION_PREFERS_STRING_CATALOGS = YES;
				MTL_ENABLE_DEBUG_INFO = INCLUDE_SOURCE;
				MTL_FAST_MATH = YES;
				ONLY_ACTIVE_ARCH = YES;
				SDKROOT = iphoneos;
				SWIFT_ACTIVE_COMPILATION_CONDITIONS = "DEBUG $(inherited)";
				SWIFT_OPTIMIZATION_LEVEL = "-Onone";
			};
			name = Debug;
		};
		114ED9562D8CCE8000988EAB /* Release */ = {
			isa = XCBuildConfiguration;
			buildSettings = {
				ALWAYS_SEARCH_USER_PATHS = NO;
				ASSETCATALOG_COMPILER_GENERATE_SWIFT_ASSET_SYMBOL_EXTENSIONS = YES;
				CLANG_ANALYZER_NONNULL = YES;
				CLANG_ANALYZER_NUMBER_OBJECT_CONVERSION = YES_AGGRESSIVE;
				CLANG_CXX_LANGUAGE_STANDARD = "gnu++20";
				CLANG_ENABLE_MODULES = YES;
				CLANG_ENABLE_OBJC_ARC = YES;
				CLANG_ENABLE_OBJC_WEAK = YES;
				CLANG_WARN_BLOCK_CAPTURE_AUTORELEASING = YES;
				CLANG_WARN_BOOL_CONVERSION = YES;
				CLANG_WARN_COMMA = YES;
				CLANG_WARN_CONSTANT_CONVERSION = YES;
				CLANG_WARN_DEPRECATED_OBJC_IMPLEMENTATIONS = YES;
				CLANG_WARN_DIRECT_OBJC_ISA_USAGE = YES_ERROR;
				CLANG_WARN_DOCUMENTATION_COMMENTS = YES;
				CLANG_WARN_EMPTY_BODY = YES;
				CLANG_WARN_ENUM_CONVERSION = YES;
				CLANG_WARN_INFINITE_RECURSION = YES;
				CLANG_WARN_INT_CONVERSION = YES;
				CLANG_WARN_NON_LITERAL_NULL_CONVERSION = YES;
				CLANG_WARN_OBJC_IMPLICIT_RETAIN_SELF = YES;
				CLANG_WARN_OBJC_LITERAL_CONVERSION = YES;
				CLANG_WARN_OBJC_ROOT_CLASS = YES_ERROR;
				CLANG_WARN_QUOTED_INCLUDE_IN_FRAMEWORK_HEADER = YES;
				CLANG_WARN_RANGE_LOOP_ANALYSIS = YES;
				CLANG_WARN_STRICT_PROTOTYPES = YES;
				CLANG_WARN_SUSPICIOUS_MOVE = YES;
				CLANG_WARN_UNGUARDED_AVAILABILITY = YES_AGGRESSIVE;
				CLANG_WARN_UNREACHABLE_CODE = YES;
				CLANG_WARN__DUPLICATE_METHOD_MATCH = YES;
				COPY_PHASE_STRIP = NO;
				DEBUG_INFORMATION_FORMAT = "dwarf-with-dsym";
				ENABLE_NS_ASSERTIONS = NO;
				ENABLE_STRICT_OBJC_MSGSEND = YES;
				ENABLE_USER_SCRIPT_SANDBOXING = YES;
				GCC_C_LANGUAGE_STANDARD = gnu17;
				GCC_NO_COMMON_BLOCKS = YES;
				GCC_WARN_64_TO_32_BIT_CONVERSION = YES;
				GCC_WARN_ABOUT_RETURN_TYPE = YES_ERROR;
				GCC_WARN_UNDECLARED_SELECTOR = YES;
				GCC_WARN_UNINITIALIZED_AUTOS = YES_AGGRESSIVE;
				GCC_WARN_UNUSED_FUNCTION = YES;
				GCC_WARN_UNUSED_VARIABLE = YES;
				IPHONEOS_DEPLOYMENT_TARGET = 18.2;
				LOCALIZATION_PREFERS_STRING_CATALOGS = YES;
				MTL_ENABLE_DEBUG_INFO = NO;
				MTL_FAST_MATH = YES;
				SDKROOT = iphoneos;
				SWIFT_COMPILATION_MODE = wholemodule;
				VALIDATE_PRODUCT = YES;
			};
			name = Release;
		};
		114ED9582D8CCE8000988EAB /* Debug */ = {
			isa = XCBuildConfiguration;
			buildSettings = {
				ASSETCATALOG_COMPILER_APPICON_NAME = AppIcon;
				ASSETCATALOG_COMPILER_GLOBAL_ACCENT_COLOR_NAME = AccentColor;
				CODE_SIGN_STYLE = Automatic;
				CURRENT_PROJECT_VERSION = 1;
				DEVELOPMENT_ASSET_PATHS = "\"Poemly/Preview Content\"";
				ENABLE_PREVIEWS = YES;
				GENERATE_INFOPLIST_FILE = YES;
				INFOPLIST_KEY_UIApplicationSceneManifest_Generation = YES;
				INFOPLIST_KEY_UIApplicationSupportsIndirectInputEvents = YES;
				INFOPLIST_KEY_UILaunchScreen_Generation = YES;
				INFOPLIST_KEY_UISupportedInterfaceOrientations_iPad = "UIInterfaceOrientationPortrait UIInterfaceOrientationPortraitUpsideDown UIInterfaceOrientationLandscapeLeft UIInterfaceOrientationLandscapeRight";
				INFOPLIST_KEY_UISupportedInterfaceOrientations_iPhone = "UIInterfaceOrientationPortrait UIInterfaceOrientationLandscapeLeft UIInterfaceOrientationLandscapeRight";
				LD_RUNPATH_SEARCH_PATHS = (
					"$(inherited)",
					"@executable_path/Frameworks",
				);
				MARKETING_VERSION = 1.0;
				PRODUCT_BUNDLE_IDENTIFIER = com.cassiec.Poemly;
				PRODUCT_NAME = "$(TARGET_NAME)";
				SWIFT_EMIT_LOC_STRINGS = YES;
				SWIFT_VERSION = 5.0;
				TARGETED_DEVICE_FAMILY = "1,2";
			};
			name = Debug;
		};
		114ED9592D8CCE8000988EAB /* Release */ = {
			isa = XCBuildConfiguration;
			buildSettings = {
				ASSETCATALOG_COMPILER_APPICON_NAME = AppIcon;
				ASSETCATALOG_COMPILER_GLOBAL_ACCENT_COLOR_NAME = AccentColor;
				CODE_SIGN_STYLE = Automatic;
				CURRENT_PROJECT_VERSION = 1;
				DEVELOPMENT_ASSET_PATHS = "\"Poemly/Preview Content\"";
				ENABLE_PREVIEWS = YES;
				GENERATE_INFOPLIST_FILE = YES;
				INFOPLIST_KEY_UIApplicationSceneManifest_Generation = YES;
				INFOPLIST_KEY_UIApplicationSupportsIndirectInputEvents = YES;
				INFOPLIST_KEY_UILaunchScreen_Generation = YES;
				INFOPLIST_KEY_UISupportedInterfaceOrientations_iPad = "UIInterfaceOrientationPortrait UIInterfaceOrientationPortraitUpsideDown UIInterfaceOrientationLandscapeLeft UIInterfaceOrientationLandscapeRight";
				INFOPLIST_KEY_UISupportedInterfaceOrientations_iPhone = "UIInterfaceOrientationPortrait UIInterfaceOrientationLandscapeLeft UIInterfaceOrientationLandscapeRight";
				LD_RUNPATH_SEARCH_PATHS = (
					"$(inherited)",
					"@executable_path/Frameworks",
				);
				MARKETING_VERSION = 1.0;
				PRODUCT_BUNDLE_IDENTIFIER = com.cassiec.Poemly;
				PRODUCT_NAME = "$(TARGET_NAME)";
				SWIFT_EMIT_LOC_STRINGS = YES;
				SWIFT_VERSION = 5.0;
				TARGETED_DEVICE_FAMILY = "1,2";
			};
			name = Release;
		};
		114ED95B2D8CCE8000988EAB /* Debug */ = {
			isa = XCBuildConfiguration;
			buildSettings = {
				BUNDLE_LOADER = "$(TEST_HOST)";
				CODE_SIGN_STYLE = Automatic;
				CURRENT_PROJECT_VERSION = 1;
				GENERATE_INFOPLIST_FILE = YES;
				IPHONEOS_DEPLOYMENT_TARGET = 18.2;
				MARKETING_VERSION = 1.0;
				PRODUCT_BUNDLE_IDENTIFIER = com.cassiec.PoemlyTests;
				PRODUCT_NAME = "$(TARGET_NAME)";
				SWIFT_EMIT_LOC_STRINGS = NO;
				SWIFT_VERSION = 5.0;
				TARGETED_DEVICE_FAMILY = "1,2";
				TEST_HOST = "$(BUILT_PRODUCTS_DIR)/Poemly.app/$(BUNDLE_EXECUTABLE_FOLDER_PATH)/Poemly";
			};
			name = Debug;
		};
		114ED95C2D8CCE8000988EAB /* Release */ = {
			isa = XCBuildConfiguration;
			buildSettings = {
				BUNDLE_LOADER = "$(TEST_HOST)";
				CODE_SIGN_STYLE = Automatic;
				CURRENT_PROJECT_VERSION = 1;
				GENERATE_INFOPLIST_FILE = YES;
				IPHONEOS_DEPLOYMENT_TARGET = 18.2;
				MARKETING_VERSION = 1.0;
				PRODUCT_BUNDLE_IDENTIFIER = com.cassiec.PoemlyTests;
				PRODUCT_NAME = "$(TARGET_NAME)";
				SWIFT_EMIT_LOC_STRINGS = NO;
				SWIFT_VERSION = 5.0;
				TARGETED_DEVICE_FAMILY = "1,2";
				TEST_HOST = "$(BUILT_PRODUCTS_DIR)/Poemly.app/$(BUNDLE_EXECUTABLE_FOLDER_PATH)/Poemly";
			};
			name = Release;
		};
		114ED95E2D8CCE8000988EAB /* Debug */ = {
			isa = XCBuildConfiguration;
			buildSettings = {
				CODE_SIGN_STYLE = Automatic;
				CURRENT_PROJECT_VERSION = 1;
				GENERATE_INFOPLIST_FILE = YES;
				MARKETING_VERSION = 1.0;
				PRODUCT_BUNDLE_IDENTIFIER = com.cassiec.PoemlyUITests;
				PRODUCT_NAME = "$(TARGET_NAME)";
				SWIFT_EMIT_LOC_STRINGS = NO;
				SWIFT_VERSION = 5.0;
				TARGETED_DEVICE_FAMILY = "1,2";
				TEST_TARGET_NAME = Poemly;
			};
			name = Debug;
		};
		114ED95F2D8CCE8000988EAB /* Release */ = {
			isa = XCBuildConfiguration;
			buildSettings = {
				CODE_SIGN_STYLE = Automatic;
				CURRENT_PROJECT_VERSION = 1;
				GENERATE_INFOPLIST_FILE = YES;
				MARKETING_VERSION = 1.0;
				PRODUCT_BUNDLE_IDENTIFIER = com.cassiec.PoemlyUITests;
				PRODUCT_NAME = "$(TARGET_NAME)";
				SWIFT_EMIT_LOC_STRINGS = NO;
				SWIFT_VERSION = 5.0;
				TARGETED_DEVICE_FAMILY = "1,2";
				TEST_TARGET_NAME = Poemly;
			};
			name = Release;
		};
/* End XCBuildConfiguration section */

/* Begin XCConfigurationList section */
		114ED92E2D8CCE7D00988EAB /* Build configuration list for PBXProject "Poemly" */ = {
			isa = XCConfigurationList;
			buildConfigurations = (
				114ED9552D8CCE8000988EAB /* Debug */,
				114ED9562D8CCE8000988EAB /* Release */,
			);
			defaultConfigurationIsVisible = 0;
			defaultConfigurationName = Release;
		};
		114ED9572D8CCE8000988EAB /* Build configuration list for PBXNativeTarget "Poemly" */ = {
			isa = XCConfigurationList;
			buildConfigurations = (
				114ED9582D8CCE8000988EAB /* Debug */,
				114ED9592D8CCE8000988EAB /* Release */,
			);
			defaultConfigurationIsVisible = 0;
			defaultConfigurationName = Release;
		};
		114ED95A2D8CCE8000988EAB /* Build configuration list for PBXNativeTarget "PoemlyTests" */ = {
			isa = XCConfigurationList;
			buildConfigurations = (
				114ED95B2D8CCE8000988EAB /* Debug */,
				114ED95C2D8CCE8000988EAB /* Release */,
			);
			defaultConfigurationIsVisible = 0;
			defaultConfigurationName = Release;
		};
		114ED95D2D8CCE8000988EAB /* Build configuration list for PBXNativeTarget "PoemlyUITests" */ = {
			isa = XCConfigurationList;
			buildConfigurations = (
				114ED95E2D8CCE8000988EAB /* Debug */,
				114ED95F2D8CCE8000988EAB /* Release */,
			);
			defaultConfigurationIsVisible = 0;
			defaultConfigurationName = Release;
		};
/* End XCConfigurationList section */
	};
	rootObject = 114ED92B2D8CCE7D00988EAB /* Project object */;
}
